
Microsoft Visual Studio Solution File, Format Version 12.00
# Visual Studio 15
VisualStudioVersion = 15.0.28307.329
MinimumVisualStudioVersion = 10.0.40219.1
Project("{FAE04EC0-301F-11D3-BF4B-00C04F79EFBC}") = "SyncMeUp.Android", "SyncMeUp\SyncMeUp.Android\SyncMeUp.Android.csproj", "{46BEC475-2E08-41AE-80A1-94559D209952}"
EndProject
Project("{FAE04EC0-301F-11D3-BF4B-00C04F79EFBC}") = "SyncMeUp.iOS", "SyncMeUp\SyncMeUp.iOS\SyncMeUp.iOS.csproj", "{F9668BA2-4821-4C5B-B25F-760F7F52C157}"
EndProject
Project("{FAE04EC0-301F-11D3-BF4B-00C04F79EFBC}") = "SyncMeUp.UWP", "SyncMeUp\SyncMeUp.UWP\SyncMeUp.UWP.csproj", "{5AC0AF7C-E626-4F4E-93B6-487AA63EE8EE}"
EndProject
Project("{9A19103F-16F7-4668-BE54-9A1E7A4F7556}") = "SyncMeUp", "SyncMeUp\SyncMeUp\SyncMeUp.csproj", "{8E74E690-37C3-4E46-880F-BC873AC07E0C}"
EndProject
Project("{FAE04EC0-301F-11D3-BF4B-00C04F79EFBC}") = "Camera2.Net", "Camera2.Net\Camera2.Net.csproj", "{2AD28CA1-C804-4D11-8717-187A6A9518CC}"
EndProject
Project("{9A19103F-16F7-4668-BE54-9A1E7A4F7556}") = "SyncMeUp.Test", "SyncMeUp.Test\SyncMeUp.Test.csproj", "{E43F3002-FFAE-4F6B-90DE-BAB5CC0C5C93}"
EndProject
Project("{9A19103F-16F7-4668-BE54-9A1E7A4F7556}") = "SyncMeUp.Test.Core", "SyncMeUp.Test.Core\SyncMeUp.Test.Core.csproj", "{C11B9D46-1DD9-4B92-A91B-4FB630B65840}"
EndProject
Project("{FAE04EC0-301F-11D3-BF4B-00C04F79EFBC}") = "SyncMeUp.Domain", "SyncMeUp\SyncMeUp.Domain\SyncMeUp.Domain.csproj", "{3F185B7D-2994-44C8-9D63-1BA034667236}"
EndProject
Project("{FAE04EC0-301F-11D3-BF4B-00C04F79EFBC}") = "SyncMeUp.LinuxGTK", "SyncMeUp\SyncMeUp.LinuxGTK\SyncMeUp.LinuxGTK.csproj", "{6070341C-7F0F-4ABD-B3CD-1CE0D6D4AD95}"
EndProject
Global
	GlobalSection(SolutionConfigurationPlatforms) = preSolution
		Ad-Hoc|Any CPU = Ad-Hoc|Any CPU
		Ad-Hoc|ARM = Ad-Hoc|ARM
		Ad-Hoc|ARM64 = Ad-Hoc|ARM64
		Ad-Hoc|iPhone = Ad-Hoc|iPhone
		Ad-Hoc|iPhoneSimulator = Ad-Hoc|iPhoneSimulator
		Ad-Hoc|x64 = Ad-Hoc|x64
		Ad-Hoc|x86 = Ad-Hoc|x86
		AppStore|Any CPU = AppStore|Any CPU
		AppStore|ARM = AppStore|ARM
		AppStore|ARM64 = AppStore|ARM64
		AppStore|iPhone = AppStore|iPhone
		AppStore|iPhoneSimulator = AppStore|iPhoneSimulator
		AppStore|x64 = AppStore|x64
		AppStore|x86 = AppStore|x86
		Debug|Any CPU = Debug|Any CPU
		Debug|ARM = Debug|ARM
		Debug|ARM64 = Debug|ARM64
		Debug|iPhone = Debug|iPhone
		Debug|iPhoneSimulator = Debug|iPhoneSimulator
		Debug|x64 = Debug|x64
		Debug|x86 = Debug|x86
		Release|Any CPU = Release|Any CPU
		Release|ARM = Release|ARM
		Release|ARM64 = Release|ARM64
		Release|iPhone = Release|iPhone
		Release|iPhoneSimulator = Release|iPhoneSimulator
		Release|x64 = Release|x64
		Release|x86 = Release|x86
	EndGlobalSection
	GlobalSection(ProjectConfigurationPlatforms) = postSolution
		{46BEC475-2E08-41AE-80A1-94559D209952}.Ad-Hoc|Any CPU.ActiveCfg = Release|Any CPU
		{46BEC475-2E08-41AE-80A1-94559D209952}.Ad-Hoc|Any CPU.Build.0 = Release|Any CPU
		{46BEC475-2E08-41AE-80A1-94559D209952}.Ad-Hoc|Any CPU.Deploy.0 = Release|Any CPU
		{46BEC475-2E08-41AE-80A1-94559D209952}.Ad-Hoc|ARM.ActiveCfg = Release|Any CPU
		{46BEC475-2E08-41AE-80A1-94559D209952}.Ad-Hoc|ARM.Build.0 = Release|Any CPU
		{46BEC475-2E08-41AE-80A1-94559D209952}.Ad-Hoc|ARM.Deploy.0 = Release|Any CPU
		{46BEC475-2E08-41AE-80A1-94559D209952}.Ad-Hoc|ARM64.ActiveCfg = Debug|Any CPU
		{46BEC475-2E08-41AE-80A1-94559D209952}.Ad-Hoc|ARM64.Build.0 = Debug|Any CPU
		{46BEC475-2E08-41AE-80A1-94559D209952}.Ad-Hoc|ARM64.Deploy.0 = Debug|Any CPU
		{46BEC475-2E08-41AE-80A1-94559D209952}.Ad-Hoc|iPhone.ActiveCfg = Release|Any CPU
		{46BEC475-2E08-41AE-80A1-94559D209952}.Ad-Hoc|iPhone.Build.0 = Release|Any CPU
		{46BEC475-2E08-41AE-80A1-94559D209952}.Ad-Hoc|iPhone.Deploy.0 = Release|Any CPU
		{46BEC475-2E08-41AE-80A1-94559D209952}.Ad-Hoc|iPhoneSimulator.ActiveCfg = Release|Any CPU
		{46BEC475-2E08-41AE-80A1-94559D209952}.Ad-Hoc|iPhoneSimulator.Build.0 = Release|Any CPU
		{46BEC475-2E08-41AE-80A1-94559D209952}.Ad-Hoc|iPhoneSimulator.Deploy.0 = Release|Any CPU
		{46BEC475-2E08-41AE-80A1-94559D209952}.Ad-Hoc|x64.ActiveCfg = Release|Any CPU
		{46BEC475-2E08-41AE-80A1-94559D209952}.Ad-Hoc|x64.Build.0 = Release|Any CPU
		{46BEC475-2E08-41AE-80A1-94559D209952}.Ad-Hoc|x64.Deploy.0 = Release|Any CPU
		{46BEC475-2E08-41AE-80A1-94559D209952}.Ad-Hoc|x86.ActiveCfg = Release|Any CPU
		{46BEC475-2E08-41AE-80A1-94559D209952}.Ad-Hoc|x86.Build.0 = Release|Any CPU
		{46BEC475-2E08-41AE-80A1-94559D209952}.Ad-Hoc|x86.Deploy.0 = Release|Any CPU
		{46BEC475-2E08-41AE-80A1-94559D209952}.AppStore|Any CPU.ActiveCfg = Release|Any CPU
		{46BEC475-2E08-41AE-80A1-94559D209952}.AppStore|Any CPU.Build.0 = Release|Any CPU
		{46BEC475-2E08-41AE-80A1-94559D209952}.AppStore|Any CPU.Deploy.0 = Release|Any CPU
		{46BEC475-2E08-41AE-80A1-94559D209952}.AppStore|ARM.ActiveCfg = Release|Any CPU
		{46BEC475-2E08-41AE-80A1-94559D209952}.AppStore|ARM.Build.0 = Release|Any CPU
		{46BEC475-2E08-41AE-80A1-94559D209952}.AppStore|ARM.Deploy.0 = Release|Any CPU
		{46BEC475-2E08-41AE-80A1-94559D209952}.AppStore|ARM64.ActiveCfg = Debug|Any CPU
		{46BEC475-2E08-41AE-80A1-94559D209952}.AppStore|ARM64.Build.0 = Debug|Any CPU
		{46BEC475-2E08-41AE-80A1-94559D209952}.AppStore|ARM64.Deploy.0 = Debug|Any CPU
		{46BEC475-2E08-41AE-80A1-94559D209952}.AppStore|iPhone.ActiveCfg = Release|Any CPU
		{46BEC475-2E08-41AE-80A1-94559D209952}.AppStore|iPhone.Build.0 = Release|Any CPU
		{46BEC475-2E08-41AE-80A1-94559D209952}.AppStore|iPhone.Deploy.0 = Release|Any CPU
		{46BEC475-2E08-41AE-80A1-94559D209952}.AppStore|iPhoneSimulator.ActiveCfg = Release|Any CPU
		{46BEC475-2E08-41AE-80A1-94559D209952}.AppStore|iPhoneSimulator.Build.0 = Release|Any CPU
		{46BEC475-2E08-41AE-80A1-94559D209952}.AppStore|iPhoneSimulator.Deploy.0 = Release|Any CPU
		{46BEC475-2E08-41AE-80A1-94559D209952}.AppStore|x64.ActiveCfg = Release|Any CPU
		{46BEC475-2E08-41AE-80A1-94559D209952}.AppStore|x64.Build.0 = Release|Any CPU
		{46BEC475-2E08-41AE-80A1-94559D209952}.AppStore|x64.Deploy.0 = Release|Any CPU
		{46BEC475-2E08-41AE-80A1-94559D209952}.AppStore|x86.ActiveCfg = Release|Any CPU
		{46BEC475-2E08-41AE-80A1-94559D209952}.AppStore|x86.Build.0 = Release|Any CPU
		{46BEC475-2E08-41AE-80A1-94559D209952}.AppStore|x86.Deploy.0 = Release|Any CPU
		{46BEC475-2E08-41AE-80A1-94559D209952}.Debug|Any CPU.ActiveCfg = Debug|Any CPU
		{46BEC475-2E08-41AE-80A1-94559D209952}.Debug|Any CPU.Build.0 = Debug|Any CPU
		{46BEC475-2E08-41AE-80A1-94559D209952}.Debug|Any CPU.Deploy.0 = Debug|Any CPU
		{46BEC475-2E08-41AE-80A1-94559D209952}.Debug|ARM.ActiveCfg = Debug|Any CPU
		{46BEC475-2E08-41AE-80A1-94559D209952}.Debug|ARM.Build.0 = Debug|Any CPU
		{46BEC475-2E08-41AE-80A1-94559D209952}.Debug|ARM.Deploy.0 = Debug|Any CPU
		{46BEC475-2E08-41AE-80A1-94559D209952}.Debug|ARM64.ActiveCfg = Debug|Any CPU
		{46BEC475-2E08-41AE-80A1-94559D209952}.Debug|ARM64.Build.0 = Debug|Any CPU
		{46BEC475-2E08-41AE-80A1-94559D209952}.Debug|ARM64.Deploy.0 = Debug|Any CPU
		{46BEC475-2E08-41AE-80A1-94559D209952}.Debug|iPhone.ActiveCfg = Debug|Any CPU
		{46BEC475-2E08-41AE-80A1-94559D209952}.Debug|iPhone.Build.0 = Debug|Any CPU
		{46BEC475-2E08-41AE-80A1-94559D209952}.Debug|iPhone.Deploy.0 = Debug|Any CPU
		{46BEC475-2E08-41AE-80A1-94559D209952}.Debug|iPhoneSimulator.ActiveCfg = Debug|Any CPU
		{46BEC475-2E08-41AE-80A1-94559D209952}.Debug|iPhoneSimulator.Build.0 = Debug|Any CPU
		{46BEC475-2E08-41AE-80A1-94559D209952}.Debug|iPhoneSimulator.Deploy.0 = Debug|Any CPU
		{46BEC475-2E08-41AE-80A1-94559D209952}.Debug|x64.ActiveCfg = Debug|Any CPU
		{46BEC475-2E08-41AE-80A1-94559D209952}.Debug|x64.Build.0 = Debug|Any CPU
		{46BEC475-2E08-41AE-80A1-94559D209952}.Debug|x64.Deploy.0 = Debug|Any CPU
		{46BEC475-2E08-41AE-80A1-94559D209952}.Debug|x86.ActiveCfg = Debug|Any CPU
		{46BEC475-2E08-41AE-80A1-94559D209952}.Debug|x86.Build.0 = Debug|Any CPU
		{46BEC475-2E08-41AE-80A1-94559D209952}.Debug|x86.Deploy.0 = Debug|Any CPU
		{46BEC475-2E08-41AE-80A1-94559D209952}.Release|Any CPU.ActiveCfg = Release|Any CPU
		{46BEC475-2E08-41AE-80A1-94559D209952}.Release|Any CPU.Build.0 = Release|Any CPU
		{46BEC475-2E08-41AE-80A1-94559D209952}.Release|Any CPU.Deploy.0 = Release|Any CPU
		{46BEC475-2E08-41AE-80A1-94559D209952}.Release|ARM.ActiveCfg = Release|Any CPU
		{46BEC475-2E08-41AE-80A1-94559D209952}.Release|ARM.Build.0 = Release|Any CPU
		{46BEC475-2E08-41AE-80A1-94559D209952}.Release|ARM.Deploy.0 = Release|Any CPU
		{46BEC475-2E08-41AE-80A1-94559D209952}.Release|ARM64.ActiveCfg = Release|Any CPU
		{46BEC475-2E08-41AE-80A1-94559D209952}.Release|ARM64.Build.0 = Release|Any CPU
		{46BEC475-2E08-41AE-80A1-94559D209952}.Release|ARM64.Deploy.0 = Release|Any CPU
		{46BEC475-2E08-41AE-80A1-94559D209952}.Release|iPhone.ActiveCfg = Release|Any CPU
		{46BEC475-2E08-41AE-80A1-94559D209952}.Release|iPhone.Build.0 = Release|Any CPU
		{46BEC475-2E08-41AE-80A1-94559D209952}.Release|iPhone.Deploy.0 = Release|Any CPU
		{46BEC475-2E08-41AE-80A1-94559D209952}.Release|iPhoneSimulator.ActiveCfg = Release|Any CPU
		{46BEC475-2E08-41AE-80A1-94559D209952}.Release|iPhoneSimulator.Build.0 = Release|Any CPU
		{46BEC475-2E08-41AE-80A1-94559D209952}.Release|iPhoneSimulator.Deploy.0 = Release|Any CPU
		{46BEC475-2E08-41AE-80A1-94559D209952}.Release|x64.ActiveCfg = Release|Any CPU
		{46BEC475-2E08-41AE-80A1-94559D209952}.Release|x64.Build.0 = Release|Any CPU
		{46BEC475-2E08-41AE-80A1-94559D209952}.Release|x64.Deploy.0 = Release|Any CPU
		{46BEC475-2E08-41AE-80A1-94559D209952}.Release|x86.ActiveCfg = Release|Any CPU
		{46BEC475-2E08-41AE-80A1-94559D209952}.Release|x86.Build.0 = Release|Any CPU
		{46BEC475-2E08-41AE-80A1-94559D209952}.Release|x86.Deploy.0 = Release|Any CPU
		{F9668BA2-4821-4C5B-B25F-760F7F52C157}.Ad-Hoc|Any CPU.ActiveCfg = Ad-Hoc|iPhone
		{F9668BA2-4821-4C5B-B25F-760F7F52C157}.Ad-Hoc|Any CPU.Build.0 = Ad-Hoc|iPhone
		{F9668BA2-4821-4C5B-B25F-760F7F52C157}.Ad-Hoc|Any CPU.Deploy.0 = Ad-Hoc|iPhone
		{F9668BA2-4821-4C5B-B25F-760F7F52C157}.Ad-Hoc|ARM.ActiveCfg = Ad-Hoc|iPhone
		{F9668BA2-4821-4C5B-B25F-760F7F52C157}.Ad-Hoc|ARM.Build.0 = Ad-Hoc|iPhone
		{F9668BA2-4821-4C5B-B25F-760F7F52C157}.Ad-Hoc|ARM.Deploy.0 = Ad-Hoc|iPhone
		{F9668BA2-4821-4C5B-B25F-760F7F52C157}.Ad-Hoc|ARM64.ActiveCfg = Ad-Hoc|iPhoneSimulator
		{F9668BA2-4821-4C5B-B25F-760F7F52C157}.Ad-Hoc|iPhone.ActiveCfg = Ad-Hoc|iPhone
		{F9668BA2-4821-4C5B-B25F-760F7F52C157}.Ad-Hoc|iPhone.Build.0 = Ad-Hoc|iPhone
		{F9668BA2-4821-4C5B-B25F-760F7F52C157}.Ad-Hoc|iPhone.Deploy.0 = Ad-Hoc|iPhone
		{F9668BA2-4821-4C5B-B25F-760F7F52C157}.Ad-Hoc|iPhoneSimulator.ActiveCfg = Ad-Hoc|iPhoneSimulator
		{F9668BA2-4821-4C5B-B25F-760F7F52C157}.Ad-Hoc|iPhoneSimulator.Build.0 = Ad-Hoc|iPhoneSimulator
		{F9668BA2-4821-4C5B-B25F-760F7F52C157}.Ad-Hoc|iPhoneSimulator.Deploy.0 = Ad-Hoc|iPhoneSimulator
		{F9668BA2-4821-4C5B-B25F-760F7F52C157}.Ad-Hoc|x64.ActiveCfg = Ad-Hoc|iPhone
		{F9668BA2-4821-4C5B-B25F-760F7F52C157}.Ad-Hoc|x64.Build.0 = Ad-Hoc|iPhone
		{F9668BA2-4821-4C5B-B25F-760F7F52C157}.Ad-Hoc|x64.Deploy.0 = Ad-Hoc|iPhone
		{F9668BA2-4821-4C5B-B25F-760F7F52C157}.Ad-Hoc|x86.ActiveCfg = Ad-Hoc|iPhone
		{F9668BA2-4821-4C5B-B25F-760F7F52C157}.Ad-Hoc|x86.Build.0 = Ad-Hoc|iPhone
		{F9668BA2-4821-4C5B-B25F-760F7F52C157}.Ad-Hoc|x86.Deploy.0 = Ad-Hoc|iPhone
		{F9668BA2-4821-4C5B-B25F-760F7F52C157}.AppStore|Any CPU.ActiveCfg = AppStore|iPhone
		{F9668BA2-4821-4C5B-B25F-760F7F52C157}.AppStore|Any CPU.Build.0 = AppStore|iPhone
		{F9668BA2-4821-4C5B-B25F-760F7F52C157}.AppStore|Any CPU.Deploy.0 = AppStore|iPhone
		{F9668BA2-4821-4C5B-B25F-760F7F52C157}.AppStore|ARM.ActiveCfg = AppStore|iPhone
		{F9668BA2-4821-4C5B-B25F-760F7F52C157}.AppStore|ARM.Build.0 = AppStore|iPhone
		{F9668BA2-4821-4C5B-B25F-760F7F52C157}.AppStore|ARM.Deploy.0 = AppStore|iPhone
		{F9668BA2-4821-4C5B-B25F-760F7F52C157}.AppStore|ARM64.ActiveCfg = AppStore|iPhoneSimulator
		{F9668BA2-4821-4C5B-B25F-760F7F52C157}.AppStore|iPhone.ActiveCfg = AppStore|iPhone
		{F9668BA2-4821-4C5B-B25F-760F7F52C157}.AppStore|iPhone.Build.0 = AppStore|iPhone
		{F9668BA2-4821-4C5B-B25F-760F7F52C157}.AppStore|iPhone.Deploy.0 = AppStore|iPhone
		{F9668BA2-4821-4C5B-B25F-760F7F52C157}.AppStore|iPhoneSimulator.ActiveCfg = AppStore|iPhoneSimulator
		{F9668BA2-4821-4C5B-B25F-760F7F52C157}.AppStore|iPhoneSimulator.Build.0 = AppStore|iPhoneSimulator
		{F9668BA2-4821-4C5B-B25F-760F7F52C157}.AppStore|iPhoneSimulator.Deploy.0 = AppStore|iPhoneSimulator
		{F9668BA2-4821-4C5B-B25F-760F7F52C157}.AppStore|x64.ActiveCfg = AppStore|iPhone
		{F9668BA2-4821-4C5B-B25F-760F7F52C157}.AppStore|x64.Build.0 = AppStore|iPhone
		{F9668BA2-4821-4C5B-B25F-760F7F52C157}.AppStore|x64.Deploy.0 = AppStore|iPhone
		{F9668BA2-4821-4C5B-B25F-760F7F52C157}.AppStore|x86.ActiveCfg = AppStore|iPhone
		{F9668BA2-4821-4C5B-B25F-760F7F52C157}.AppStore|x86.Build.0 = AppStore|iPhone
		{F9668BA2-4821-4C5B-B25F-760F7F52C157}.AppStore|x86.Deploy.0 = AppStore|iPhone
		{F9668BA2-4821-4C5B-B25F-760F7F52C157}.Debug|Any CPU.ActiveCfg = Debug|iPhoneSimulator
		{F9668BA2-4821-4C5B-B25F-760F7F52C157}.Debug|Any CPU.Build.0 = Debug|iPhoneSimulator
		{F9668BA2-4821-4C5B-B25F-760F7F52C157}.Debug|Any CPU.Deploy.0 = Debug|iPhoneSimulator
		{F9668BA2-4821-4C5B-B25F-760F7F52C157}.Debug|ARM.ActiveCfg = Debug|iPhone
		{F9668BA2-4821-4C5B-B25F-760F7F52C157}.Debug|ARM.Build.0 = Debug|iPhone
		{F9668BA2-4821-4C5B-B25F-760F7F52C157}.Debug|ARM.Deploy.0 = Debug|iPhone
		{F9668BA2-4821-4C5B-B25F-760F7F52C157}.Debug|ARM64.ActiveCfg = Debug|iPhone
		{F9668BA2-4821-4C5B-B25F-760F7F52C157}.Debug|iPhone.ActiveCfg = Debug|iPhone
		{F9668BA2-4821-4C5B-B25F-760F7F52C157}.Debug|iPhone.Build.0 = Debug|iPhone
		{F9668BA2-4821-4C5B-B25F-760F7F52C157}.Debug|iPhone.Deploy.0 = Debug|iPhone
		{F9668BA2-4821-4C5B-B25F-760F7F52C157}.Debug|iPhoneSimulator.ActiveCfg = Debug|iPhoneSimulator
		{F9668BA2-4821-4C5B-B25F-760F7F52C157}.Debug|iPhoneSimulator.Build.0 = Debug|iPhoneSimulator
		{F9668BA2-4821-4C5B-B25F-760F7F52C157}.Debug|iPhoneSimulator.Deploy.0 = Debug|iPhoneSimulator
		{F9668BA2-4821-4C5B-B25F-760F7F52C157}.Debug|x64.ActiveCfg = Debug|iPhone
		{F9668BA2-4821-4C5B-B25F-760F7F52C157}.Debug|x64.Build.0 = Debug|iPhone
		{F9668BA2-4821-4C5B-B25F-760F7F52C157}.Debug|x64.Deploy.0 = Debug|iPhone
		{F9668BA2-4821-4C5B-B25F-760F7F52C157}.Debug|x86.ActiveCfg = Debug|iPhone
		{F9668BA2-4821-4C5B-B25F-760F7F52C157}.Debug|x86.Build.0 = Debug|iPhone
		{F9668BA2-4821-4C5B-B25F-760F7F52C157}.Debug|x86.Deploy.0 = Debug|iPhone
		{F9668BA2-4821-4C5B-B25F-760F7F52C157}.Release|Any CPU.ActiveCfg = Release|iPhone
		{F9668BA2-4821-4C5B-B25F-760F7F52C157}.Release|Any CPU.Build.0 = Release|iPhone
		{F9668BA2-4821-4C5B-B25F-760F7F52C157}.Release|Any CPU.Deploy.0 = Release|iPhone
		{F9668BA2-4821-4C5B-B25F-760F7F52C157}.Release|ARM.ActiveCfg = Release|iPhone
		{F9668BA2-4821-4C5B-B25F-760F7F52C157}.Release|ARM.Build.0 = Release|iPhone
		{F9668BA2-4821-4C5B-B25F-760F7F52C157}.Release|ARM.Deploy.0 = Release|iPhone
		{F9668BA2-4821-4C5B-B25F-760F7F52C157}.Release|ARM64.ActiveCfg = Release|iPhoneSimulator
		{F9668BA2-4821-4C5B-B25F-760F7F52C157}.Release|iPhone.ActiveCfg = Release|iPhone
		{F9668BA2-4821-4C5B-B25F-760F7F52C157}.Release|iPhone.Build.0 = Release|iPhone
		{F9668BA2-4821-4C5B-B25F-760F7F52C157}.Release|iPhone.Deploy.0 = Release|iPhone
		{F9668BA2-4821-4C5B-B25F-760F7F52C157}.Release|iPhoneSimulator.ActiveCfg = Release|iPhoneSimulator
		{F9668BA2-4821-4C5B-B25F-760F7F52C157}.Release|iPhoneSimulator.Build.0 = Release|iPhoneSimulator
		{F9668BA2-4821-4C5B-B25F-760F7F52C157}.Release|iPhoneSimulator.Deploy.0 = Release|iPhoneSimulator
		{F9668BA2-4821-4C5B-B25F-760F7F52C157}.Release|x64.ActiveCfg = Release|iPhone
		{F9668BA2-4821-4C5B-B25F-760F7F52C157}.Release|x64.Build.0 = Release|iPhone
		{F9668BA2-4821-4C5B-B25F-760F7F52C157}.Release|x64.Deploy.0 = Release|iPhone
		{F9668BA2-4821-4C5B-B25F-760F7F52C157}.Release|x86.ActiveCfg = Release|iPhone
		{F9668BA2-4821-4C5B-B25F-760F7F52C157}.Release|x86.Build.0 = Release|iPhone
		{F9668BA2-4821-4C5B-B25F-760F7F52C157}.Release|x86.Deploy.0 = Release|iPhone
		{5AC0AF7C-E626-4F4E-93B6-487AA63EE8EE}.Ad-Hoc|Any CPU.ActiveCfg = Release|x86
		{5AC0AF7C-E626-4F4E-93B6-487AA63EE8EE}.Ad-Hoc|Any CPU.Build.0 = Release|x86
		{5AC0AF7C-E626-4F4E-93B6-487AA63EE8EE}.Ad-Hoc|Any CPU.Deploy.0 = Release|x86
		{5AC0AF7C-E626-4F4E-93B6-487AA63EE8EE}.Ad-Hoc|ARM.ActiveCfg = Release|ARM
		{5AC0AF7C-E626-4F4E-93B6-487AA63EE8EE}.Ad-Hoc|ARM.Build.0 = Release|ARM
		{5AC0AF7C-E626-4F4E-93B6-487AA63EE8EE}.Ad-Hoc|ARM.Deploy.0 = Release|ARM
		{5AC0AF7C-E626-4F4E-93B6-487AA63EE8EE}.Ad-Hoc|ARM64.ActiveCfg = Debug|x64
		{5AC0AF7C-E626-4F4E-93B6-487AA63EE8EE}.Ad-Hoc|ARM64.Build.0 = Debug|x64
		{5AC0AF7C-E626-4F4E-93B6-487AA63EE8EE}.Ad-Hoc|ARM64.Deploy.0 = Debug|x64
		{5AC0AF7C-E626-4F4E-93B6-487AA63EE8EE}.Ad-Hoc|iPhone.ActiveCfg = Release|x86
		{5AC0AF7C-E626-4F4E-93B6-487AA63EE8EE}.Ad-Hoc|iPhone.Build.0 = Release|x86
		{5AC0AF7C-E626-4F4E-93B6-487AA63EE8EE}.Ad-Hoc|iPhone.Deploy.0 = Release|x86
		{5AC0AF7C-E626-4F4E-93B6-487AA63EE8EE}.Ad-Hoc|iPhoneSimulator.ActiveCfg = Release|x86
		{5AC0AF7C-E626-4F4E-93B6-487AA63EE8EE}.Ad-Hoc|iPhoneSimulator.Build.0 = Release|x86
		{5AC0AF7C-E626-4F4E-93B6-487AA63EE8EE}.Ad-Hoc|iPhoneSimulator.Deploy.0 = Release|x86
		{5AC0AF7C-E626-4F4E-93B6-487AA63EE8EE}.Ad-Hoc|x64.ActiveCfg = Release|x64
		{5AC0AF7C-E626-4F4E-93B6-487AA63EE8EE}.Ad-Hoc|x64.Build.0 = Release|x64
		{5AC0AF7C-E626-4F4E-93B6-487AA63EE8EE}.Ad-Hoc|x64.Deploy.0 = Release|x64
		{5AC0AF7C-E626-4F4E-93B6-487AA63EE8EE}.Ad-Hoc|x86.ActiveCfg = Release|x86
		{5AC0AF7C-E626-4F4E-93B6-487AA63EE8EE}.Ad-Hoc|x86.Build.0 = Release|x86
		{5AC0AF7C-E626-4F4E-93B6-487AA63EE8EE}.Ad-Hoc|x86.Deploy.0 = Release|x86
		{5AC0AF7C-E626-4F4E-93B6-487AA63EE8EE}.AppStore|Any CPU.ActiveCfg = Release|x86
		{5AC0AF7C-E626-4F4E-93B6-487AA63EE8EE}.AppStore|Any CPU.Build.0 = Release|x86
		{5AC0AF7C-E626-4F4E-93B6-487AA63EE8EE}.AppStore|Any CPU.Deploy.0 = Release|x86
		{5AC0AF7C-E626-4F4E-93B6-487AA63EE8EE}.AppStore|ARM.ActiveCfg = Release|ARM
		{5AC0AF7C-E626-4F4E-93B6-487AA63EE8EE}.AppStore|ARM.Build.0 = Release|ARM
		{5AC0AF7C-E626-4F4E-93B6-487AA63EE8EE}.AppStore|ARM.Deploy.0 = Release|ARM
		{5AC0AF7C-E626-4F4E-93B6-487AA63EE8EE}.AppStore|ARM64.ActiveCfg = Debug|x64
		{5AC0AF7C-E626-4F4E-93B6-487AA63EE8EE}.AppStore|ARM64.Build.0 = Debug|x64
		{5AC0AF7C-E626-4F4E-93B6-487AA63EE8EE}.AppStore|ARM64.Deploy.0 = Debug|x64
		{5AC0AF7C-E626-4F4E-93B6-487AA63EE8EE}.AppStore|iPhone.ActiveCfg = Release|x86
		{5AC0AF7C-E626-4F4E-93B6-487AA63EE8EE}.AppStore|iPhone.Build.0 = Release|x86
		{5AC0AF7C-E626-4F4E-93B6-487AA63EE8EE}.AppStore|iPhone.Deploy.0 = Release|x86
		{5AC0AF7C-E626-4F4E-93B6-487AA63EE8EE}.AppStore|iPhoneSimulator.ActiveCfg = Release|x86
		{5AC0AF7C-E626-4F4E-93B6-487AA63EE8EE}.AppStore|iPhoneSimulator.Build.0 = Release|x86
		{5AC0AF7C-E626-4F4E-93B6-487AA63EE8EE}.AppStore|iPhoneSimulator.Deploy.0 = Release|x86
		{5AC0AF7C-E626-4F4E-93B6-487AA63EE8EE}.AppStore|x64.ActiveCfg = Release|x64
		{5AC0AF7C-E626-4F4E-93B6-487AA63EE8EE}.AppStore|x64.Build.0 = Release|x64
		{5AC0AF7C-E626-4F4E-93B6-487AA63EE8EE}.AppStore|x64.Deploy.0 = Release|x64
		{5AC0AF7C-E626-4F4E-93B6-487AA63EE8EE}.AppStore|x86.ActiveCfg = Release|x86
		{5AC0AF7C-E626-4F4E-93B6-487AA63EE8EE}.AppStore|x86.Build.0 = Release|x86
		{5AC0AF7C-E626-4F4E-93B6-487AA63EE8EE}.AppStore|x86.Deploy.0 = Release|x86
		{5AC0AF7C-E626-4F4E-93B6-487AA63EE8EE}.Debug|Any CPU.ActiveCfg = Debug|x86
		{5AC0AF7C-E626-4F4E-93B6-487AA63EE8EE}.Debug|Any CPU.Build.0 = Debug|x86
		{5AC0AF7C-E626-4F4E-93B6-487AA63EE8EE}.Debug|Any CPU.Deploy.0 = Debug|x86
		{5AC0AF7C-E626-4F4E-93B6-487AA63EE8EE}.Debug|ARM.ActiveCfg = Debug|ARM
		{5AC0AF7C-E626-4F4E-93B6-487AA63EE8EE}.Debug|ARM.Build.0 = Debug|ARM
		{5AC0AF7C-E626-4F4E-93B6-487AA63EE8EE}.Debug|ARM.Deploy.0 = Debug|ARM
		{5AC0AF7C-E626-4F4E-93B6-487AA63EE8EE}.Debug|ARM64.ActiveCfg = Debug|x86
		{5AC0AF7C-E626-4F4E-93B6-487AA63EE8EE}.Debug|iPhone.ActiveCfg = Debug|x86
		{5AC0AF7C-E626-4F4E-93B6-487AA63EE8EE}.Debug|iPhone.Build.0 = Debug|x86
		{5AC0AF7C-E626-4F4E-93B6-487AA63EE8EE}.Debug|iPhone.Deploy.0 = Debug|x86
		{5AC0AF7C-E626-4F4E-93B6-487AA63EE8EE}.Debug|iPhoneSimulator.ActiveCfg = Debug|x86
		{5AC0AF7C-E626-4F4E-93B6-487AA63EE8EE}.Debug|iPhoneSimulator.Build.0 = Debug|x86
		{5AC0AF7C-E626-4F4E-93B6-487AA63EE8EE}.Debug|iPhoneSimulator.Deploy.0 = Debug|x86
		{5AC0AF7C-E626-4F4E-93B6-487AA63EE8EE}.Debug|x64.ActiveCfg = Debug|x64
		{5AC0AF7C-E626-4F4E-93B6-487AA63EE8EE}.Debug|x64.Build.0 = Debug|x64
		{5AC0AF7C-E626-4F4E-93B6-487AA63EE8EE}.Debug|x64.Deploy.0 = Debug|x64
		{5AC0AF7C-E626-4F4E-93B6-487AA63EE8EE}.Debug|x86.ActiveCfg = Debug|x86
		{5AC0AF7C-E626-4F4E-93B6-487AA63EE8EE}.Debug|x86.Build.0 = Debug|x86
		{5AC0AF7C-E626-4F4E-93B6-487AA63EE8EE}.Debug|x86.Deploy.0 = Debug|x86
		{5AC0AF7C-E626-4F4E-93B6-487AA63EE8EE}.Release|Any CPU.ActiveCfg = Release|x86
		{5AC0AF7C-E626-4F4E-93B6-487AA63EE8EE}.Release|Any CPU.Build.0 = Release|x86
		{5AC0AF7C-E626-4F4E-93B6-487AA63EE8EE}.Release|Any CPU.Deploy.0 = Release|x86
		{5AC0AF7C-E626-4F4E-93B6-487AA63EE8EE}.Release|ARM.ActiveCfg = Release|ARM
		{5AC0AF7C-E626-4F4E-93B6-487AA63EE8EE}.Release|ARM.Build.0 = Release|ARM
		{5AC0AF7C-E626-4F4E-93B6-487AA63EE8EE}.Release|ARM.Deploy.0 = Release|ARM
		{5AC0AF7C-E626-4F4E-93B6-487AA63EE8EE}.Release|ARM64.ActiveCfg = Release|x86
		{5AC0AF7C-E626-4F4E-93B6-487AA63EE8EE}.Release|iPhone.ActiveCfg = Release|x86
		{5AC0AF7C-E626-4F4E-93B6-487AA63EE8EE}.Release|iPhone.Build.0 = Release|x86
		{5AC0AF7C-E626-4F4E-93B6-487AA63EE8EE}.Release|iPhone.Deploy.0 = Release|x86
		{5AC0AF7C-E626-4F4E-93B6-487AA63EE8EE}.Release|iPhoneSimulator.ActiveCfg = Release|x86
		{5AC0AF7C-E626-4F4E-93B6-487AA63EE8EE}.Release|iPhoneSimulator.Build.0 = Release|x86
		{5AC0AF7C-E626-4F4E-93B6-487AA63EE8EE}.Release|iPhoneSimulator.Deploy.0 = Release|x86
		{5AC0AF7C-E626-4F4E-93B6-487AA63EE8EE}.Release|x64.ActiveCfg = Release|x64
		{5AC0AF7C-E626-4F4E-93B6-487AA63EE8EE}.Release|x64.Build.0 = Release|x64
		{5AC0AF7C-E626-4F4E-93B6-487AA63EE8EE}.Release|x64.Deploy.0 = Release|x64
		{5AC0AF7C-E626-4F4E-93B6-487AA63EE8EE}.Release|x86.ActiveCfg = Release|x86
		{5AC0AF7C-E626-4F4E-93B6-487AA63EE8EE}.Release|x86.Build.0 = Release|x86
		{5AC0AF7C-E626-4F4E-93B6-487AA63EE8EE}.Release|x86.Deploy.0 = Release|x86
		{8E74E690-37C3-4E46-880F-BC873AC07E0C}.Ad-Hoc|Any CPU.ActiveCfg = Debug|Any CPU
		{8E74E690-37C3-4E46-880F-BC873AC07E0C}.Ad-Hoc|Any CPU.Build.0 = Debug|Any CPU
		{8E74E690-37C3-4E46-880F-BC873AC07E0C}.Ad-Hoc|Any CPU.Deploy.0 = Debug|Any CPU
		{8E74E690-37C3-4E46-880F-BC873AC07E0C}.Ad-Hoc|ARM.ActiveCfg = Debug|Any CPU
		{8E74E690-37C3-4E46-880F-BC873AC07E0C}.Ad-Hoc|ARM.Build.0 = Debug|Any CPU
		{8E74E690-37C3-4E46-880F-BC873AC07E0C}.Ad-Hoc|ARM.Deploy.0 = Debug|Any CPU
		{8E74E690-37C3-4E46-880F-BC873AC07E0C}.Ad-Hoc|ARM64.ActiveCfg = Release|Any CPU
		{8E74E690-37C3-4E46-880F-BC873AC07E0C}.Ad-Hoc|ARM64.Build.0 = Release|Any CPU
		{8E74E690-37C3-4E46-880F-BC873AC07E0C}.Ad-Hoc|iPhone.ActiveCfg = Debug|Any CPU
		{8E74E690-37C3-4E46-880F-BC873AC07E0C}.Ad-Hoc|iPhone.Build.0 = Debug|Any CPU
		{8E74E690-37C3-4E46-880F-BC873AC07E0C}.Ad-Hoc|iPhone.Deploy.0 = Debug|Any CPU
		{8E74E690-37C3-4E46-880F-BC873AC07E0C}.Ad-Hoc|iPhoneSimulator.ActiveCfg = Debug|Any CPU
		{8E74E690-37C3-4E46-880F-BC873AC07E0C}.Ad-Hoc|iPhoneSimulator.Build.0 = Debug|Any CPU
		{8E74E690-37C3-4E46-880F-BC873AC07E0C}.Ad-Hoc|iPhoneSimulator.Deploy.0 = Debug|Any CPU
		{8E74E690-37C3-4E46-880F-BC873AC07E0C}.Ad-Hoc|x64.ActiveCfg = Debug|Any CPU
		{8E74E690-37C3-4E46-880F-BC873AC07E0C}.Ad-Hoc|x64.Build.0 = Debug|Any CPU
		{8E74E690-37C3-4E46-880F-BC873AC07E0C}.Ad-Hoc|x64.Deploy.0 = Debug|Any CPU
		{8E74E690-37C3-4E46-880F-BC873AC07E0C}.Ad-Hoc|x86.ActiveCfg = Debug|Any CPU
		{8E74E690-37C3-4E46-880F-BC873AC07E0C}.Ad-Hoc|x86.Build.0 = Debug|Any CPU
		{8E74E690-37C3-4E46-880F-BC873AC07E0C}.Ad-Hoc|x86.Deploy.0 = Debug|Any CPU
		{8E74E690-37C3-4E46-880F-BC873AC07E0C}.AppStore|Any CPU.ActiveCfg = Debug|Any CPU
		{8E74E690-37C3-4E46-880F-BC873AC07E0C}.AppStore|Any CPU.Build.0 = Debug|Any CPU
		{8E74E690-37C3-4E46-880F-BC873AC07E0C}.AppStore|Any CPU.Deploy.0 = Debug|Any CPU
		{8E74E690-37C3-4E46-880F-BC873AC07E0C}.AppStore|ARM.ActiveCfg = Debug|Any CPU
		{8E74E690-37C3-4E46-880F-BC873AC07E0C}.AppStore|ARM.Build.0 = Debug|Any CPU
		{8E74E690-37C3-4E46-880F-BC873AC07E0C}.AppStore|ARM.Deploy.0 = Debug|Any CPU
		{8E74E690-37C3-4E46-880F-BC873AC07E0C}.AppStore|ARM64.ActiveCfg = Release|Any CPU
		{8E74E690-37C3-4E46-880F-BC873AC07E0C}.AppStore|ARM64.Build.0 = Release|Any CPU
		{8E74E690-37C3-4E46-880F-BC873AC07E0C}.AppStore|iPhone.ActiveCfg = Debug|Any CPU
		{8E74E690-37C3-4E46-880F-BC873AC07E0C}.AppStore|iPhone.Build.0 = Debug|Any CPU
		{8E74E690-37C3-4E46-880F-BC873AC07E0C}.AppStore|iPhone.Deploy.0 = Debug|Any CPU
		{8E74E690-37C3-4E46-880F-BC873AC07E0C}.AppStore|iPhoneSimulator.ActiveCfg = Debug|Any CPU
		{8E74E690-37C3-4E46-880F-BC873AC07E0C}.AppStore|iPhoneSimulator.Build.0 = Debug|Any CPU
		{8E74E690-37C3-4E46-880F-BC873AC07E0C}.AppStore|iPhoneSimulator.Deploy.0 = Debug|Any CPU
		{8E74E690-37C3-4E46-880F-BC873AC07E0C}.AppStore|x64.ActiveCfg = Debug|Any CPU
		{8E74E690-37C3-4E46-880F-BC873AC07E0C}.AppStore|x64.Build.0 = Debug|Any CPU
		{8E74E690-37C3-4E46-880F-BC873AC07E0C}.AppStore|x64.Deploy.0 = Debug|Any CPU
		{8E74E690-37C3-4E46-880F-BC873AC07E0C}.AppStore|x86.ActiveCfg = Debug|Any CPU
		{8E74E690-37C3-4E46-880F-BC873AC07E0C}.AppStore|x86.Build.0 = Debug|Any CPU
		{8E74E690-37C3-4E46-880F-BC873AC07E0C}.AppStore|x86.Deploy.0 = Debug|Any CPU
		{8E74E690-37C3-4E46-880F-BC873AC07E0C}.Debug|Any CPU.ActiveCfg = Debug|Any CPU
		{8E74E690-37C3-4E46-880F-BC873AC07E0C}.Debug|Any CPU.Build.0 = Debug|Any CPU
		{8E74E690-37C3-4E46-880F-BC873AC07E0C}.Debug|Any CPU.Deploy.0 = Debug|Any CPU
		{8E74E690-37C3-4E46-880F-BC873AC07E0C}.Debug|ARM.ActiveCfg = Debug|Any CPU
		{8E74E690-37C3-4E46-880F-BC873AC07E0C}.Debug|ARM.Build.0 = Debug|Any CPU
		{8E74E690-37C3-4E46-880F-BC873AC07E0C}.Debug|ARM.Deploy.0 = Debug|Any CPU
		{8E74E690-37C3-4E46-880F-BC873AC07E0C}.Debug|ARM64.ActiveCfg = Debug|Any CPU
		{8E74E690-37C3-4E46-880F-BC873AC07E0C}.Debug|ARM64.Build.0 = Debug|Any CPU
		{8E74E690-37C3-4E46-880F-BC873AC07E0C}.Debug|iPhone.ActiveCfg = Debug|Any CPU
		{8E74E690-37C3-4E46-880F-BC873AC07E0C}.Debug|iPhone.Build.0 = Debug|Any CPU
		{8E74E690-37C3-4E46-880F-BC873AC07E0C}.Debug|iPhone.Deploy.0 = Debug|Any CPU
		{8E74E690-37C3-4E46-880F-BC873AC07E0C}.Debug|iPhoneSimulator.ActiveCfg = Debug|Any CPU
		{8E74E690-37C3-4E46-880F-BC873AC07E0C}.Debug|iPhoneSimulator.Build.0 = Debug|Any CPU
		{8E74E690-37C3-4E46-880F-BC873AC07E0C}.Debug|iPhoneSimulator.Deploy.0 = Debug|Any CPU
		{8E74E690-37C3-4E46-880F-BC873AC07E0C}.Debug|x64.ActiveCfg = Debug|Any CPU
		{8E74E690-37C3-4E46-880F-BC873AC07E0C}.Debug|x64.Build.0 = Debug|Any CPU
		{8E74E690-37C3-4E46-880F-BC873AC07E0C}.Debug|x64.Deploy.0 = Debug|Any CPU
		{8E74E690-37C3-4E46-880F-BC873AC07E0C}.Debug|x86.ActiveCfg = Debug|Any CPU
		{8E74E690-37C3-4E46-880F-BC873AC07E0C}.Debug|x86.Build.0 = Debug|Any CPU
		{8E74E690-37C3-4E46-880F-BC873AC07E0C}.Debug|x86.Deploy.0 = Debug|Any CPU
		{8E74E690-37C3-4E46-880F-BC873AC07E0C}.Release|Any CPU.ActiveCfg = Release|Any CPU
		{8E74E690-37C3-4E46-880F-BC873AC07E0C}.Release|Any CPU.Build.0 = Release|Any CPU
		{8E74E690-37C3-4E46-880F-BC873AC07E0C}.Release|Any CPU.Deploy.0 = Release|Any CPU
		{8E74E690-37C3-4E46-880F-BC873AC07E0C}.Release|ARM.ActiveCfg = Release|Any CPU
		{8E74E690-37C3-4E46-880F-BC873AC07E0C}.Release|ARM.Build.0 = Release|Any CPU
		{8E74E690-37C3-4E46-880F-BC873AC07E0C}.Release|ARM.Deploy.0 = Release|Any CPU
		{8E74E690-37C3-4E46-880F-BC873AC07E0C}.Release|ARM64.ActiveCfg = Release|Any CPU
		{8E74E690-37C3-4E46-880F-BC873AC07E0C}.Release|ARM64.Build.0 = Release|Any CPU
		{8E74E690-37C3-4E46-880F-BC873AC07E0C}.Release|iPhone.ActiveCfg = Release|Any CPU
		{8E74E690-37C3-4E46-880F-BC873AC07E0C}.Release|iPhone.Build.0 = Release|Any CPU
		{8E74E690-37C3-4E46-880F-BC873AC07E0C}.Release|iPhone.Deploy.0 = Release|Any CPU
		{8E74E690-37C3-4E46-880F-BC873AC07E0C}.Release|iPhoneSimulator.ActiveCfg = Release|Any CPU
		{8E74E690-37C3-4E46-880F-BC873AC07E0C}.Release|iPhoneSimulator.Build.0 = Release|Any CPU
		{8E74E690-37C3-4E46-880F-BC873AC07E0C}.Release|iPhoneSimulator.Deploy.0 = Release|Any CPU
		{8E74E690-37C3-4E46-880F-BC873AC07E0C}.Release|x64.ActiveCfg = Release|Any CPU
		{8E74E690-37C3-4E46-880F-BC873AC07E0C}.Release|x64.Build.0 = Release|Any CPU
		{8E74E690-37C3-4E46-880F-BC873AC07E0C}.Release|x64.Deploy.0 = Release|Any CPU
		{8E74E690-37C3-4E46-880F-BC873AC07E0C}.Release|x86.ActiveCfg = Release|Any CPU
		{8E74E690-37C3-4E46-880F-BC873AC07E0C}.Release|x86.Build.0 = Release|Any CPU
		{8E74E690-37C3-4E46-880F-BC873AC07E0C}.Release|x86.Deploy.0 = Release|Any CPU
		{2AD28CA1-C804-4D11-8717-187A6A9518CC}.Ad-Hoc|Any CPU.ActiveCfg = Release|Any CPU
		{2AD28CA1-C804-4D11-8717-187A6A9518CC}.Ad-Hoc|Any CPU.Build.0 = Release|Any CPU
		{2AD28CA1-C804-4D11-8717-187A6A9518CC}.Ad-Hoc|ARM.ActiveCfg = Release|Any CPU
		{2AD28CA1-C804-4D11-8717-187A6A9518CC}.Ad-Hoc|ARM.Build.0 = Release|Any CPU
		{2AD28CA1-C804-4D11-8717-187A6A9518CC}.Ad-Hoc|ARM64.ActiveCfg = Debug|Any CPU
		{2AD28CA1-C804-4D11-8717-187A6A9518CC}.Ad-Hoc|iPhone.ActiveCfg = Release|Any CPU
		{2AD28CA1-C804-4D11-8717-187A6A9518CC}.Ad-Hoc|iPhone.Build.0 = Release|Any CPU
		{2AD28CA1-C804-4D11-8717-187A6A9518CC}.Ad-Hoc|iPhoneSimulator.ActiveCfg = Release|Any CPU
		{2AD28CA1-C804-4D11-8717-187A6A9518CC}.Ad-Hoc|iPhoneSimulator.Build.0 = Release|Any CPU
		{2AD28CA1-C804-4D11-8717-187A6A9518CC}.Ad-Hoc|x64.ActiveCfg = Release|Any CPU
		{2AD28CA1-C804-4D11-8717-187A6A9518CC}.Ad-Hoc|x64.Build.0 = Release|Any CPU
		{2AD28CA1-C804-4D11-8717-187A6A9518CC}.Ad-Hoc|x86.ActiveCfg = Release|Any CPU
		{2AD28CA1-C804-4D11-8717-187A6A9518CC}.Ad-Hoc|x86.Build.0 = Release|Any CPU
		{2AD28CA1-C804-4D11-8717-187A6A9518CC}.AppStore|Any CPU.ActiveCfg = Release|Any CPU
		{2AD28CA1-C804-4D11-8717-187A6A9518CC}.AppStore|Any CPU.Build.0 = Release|Any CPU
		{2AD28CA1-C804-4D11-8717-187A6A9518CC}.AppStore|ARM.ActiveCfg = Release|Any CPU
		{2AD28CA1-C804-4D11-8717-187A6A9518CC}.AppStore|ARM.Build.0 = Release|Any CPU
		{2AD28CA1-C804-4D11-8717-187A6A9518CC}.AppStore|ARM64.ActiveCfg = Debug|Any CPU
		{2AD28CA1-C804-4D11-8717-187A6A9518CC}.AppStore|iPhone.ActiveCfg = Release|Any CPU
		{2AD28CA1-C804-4D11-8717-187A6A9518CC}.AppStore|iPhone.Build.0 = Release|Any CPU
		{2AD28CA1-C804-4D11-8717-187A6A9518CC}.AppStore|iPhoneSimulator.ActiveCfg = Release|Any CPU
		{2AD28CA1-C804-4D11-8717-187A6A9518CC}.AppStore|iPhoneSimulator.Build.0 = Release|Any CPU
		{2AD28CA1-C804-4D11-8717-187A6A9518CC}.AppStore|x64.ActiveCfg = Release|Any CPU
		{2AD28CA1-C804-4D11-8717-187A6A9518CC}.AppStore|x64.Build.0 = Release|Any CPU
		{2AD28CA1-C804-4D11-8717-187A6A9518CC}.AppStore|x86.ActiveCfg = Release|Any CPU
		{2AD28CA1-C804-4D11-8717-187A6A9518CC}.AppStore|x86.Build.0 = Release|Any CPU
		{2AD28CA1-C804-4D11-8717-187A6A9518CC}.Debug|Any CPU.ActiveCfg = Debug|Any CPU
		{2AD28CA1-C804-4D11-8717-187A6A9518CC}.Debug|Any CPU.Build.0 = Debug|Any CPU
		{2AD28CA1-C804-4D11-8717-187A6A9518CC}.Debug|ARM.ActiveCfg = Debug|Any CPU
		{2AD28CA1-C804-4D11-8717-187A6A9518CC}.Debug|ARM.Build.0 = Debug|Any CPU
		{2AD28CA1-C804-4D11-8717-187A6A9518CC}.Debug|ARM64.ActiveCfg = Debug|Any CPU
		{2AD28CA1-C804-4D11-8717-187A6A9518CC}.Debug|iPhone.ActiveCfg = Debug|Any CPU
		{2AD28CA1-C804-4D11-8717-187A6A9518CC}.Debug|iPhone.Build.0 = Debug|Any CPU
		{2AD28CA1-C804-4D11-8717-187A6A9518CC}.Debug|iPhoneSimulator.ActiveCfg = Debug|Any CPU
		{2AD28CA1-C804-4D11-8717-187A6A9518CC}.Debug|iPhoneSimulator.Build.0 = Debug|Any CPU
		{2AD28CA1-C804-4D11-8717-187A6A9518CC}.Debug|x64.ActiveCfg = Debug|Any CPU
		{2AD28CA1-C804-4D11-8717-187A6A9518CC}.Debug|x64.Build.0 = Debug|Any CPU
		{2AD28CA1-C804-4D11-8717-187A6A9518CC}.Debug|x86.ActiveCfg = Debug|Any CPU
		{2AD28CA1-C804-4D11-8717-187A6A9518CC}.Debug|x86.Build.0 = Debug|Any CPU
		{2AD28CA1-C804-4D11-8717-187A6A9518CC}.Release|Any CPU.ActiveCfg = Release|Any CPU
		{2AD28CA1-C804-4D11-8717-187A6A9518CC}.Release|Any CPU.Build.0 = Release|Any CPU
		{2AD28CA1-C804-4D11-8717-187A6A9518CC}.Release|ARM.ActiveCfg = Release|Any CPU
		{2AD28CA1-C804-4D11-8717-187A6A9518CC}.Release|ARM.Build.0 = Release|Any CPU
		{2AD28CA1-C804-4D11-8717-187A6A9518CC}.Release|ARM64.ActiveCfg = Release|Any CPU
		{2AD28CA1-C804-4D11-8717-187A6A9518CC}.Release|iPhone.ActiveCfg = Release|Any CPU
		{2AD28CA1-C804-4D11-8717-187A6A9518CC}.Release|iPhone.Build.0 = Release|Any CPU
		{2AD28CA1-C804-4D11-8717-187A6A9518CC}.Release|iPhoneSimulator.ActiveCfg = Release|Any CPU
		{2AD28CA1-C804-4D11-8717-187A6A9518CC}.Release|iPhoneSimulator.Build.0 = Release|Any CPU
		{2AD28CA1-C804-4D11-8717-187A6A9518CC}.Release|x64.ActiveCfg = Release|Any CPU
		{2AD28CA1-C804-4D11-8717-187A6A9518CC}.Release|x64.Build.0 = Release|Any CPU
		{2AD28CA1-C804-4D11-8717-187A6A9518CC}.Release|x86.ActiveCfg = Release|Any CPU
		{2AD28CA1-C804-4D11-8717-187A6A9518CC}.Release|x86.Build.0 = Release|Any CPU
		{E43F3002-FFAE-4F6B-90DE-BAB5CC0C5C93}.Ad-Hoc|Any CPU.ActiveCfg = Debug|Any CPU
		{E43F3002-FFAE-4F6B-90DE-BAB5CC0C5C93}.Ad-Hoc|Any CPU.Build.0 = Debug|Any CPU
		{E43F3002-FFAE-4F6B-90DE-BAB5CC0C5C93}.Ad-Hoc|ARM.ActiveCfg = Debug|Any CPU
		{E43F3002-FFAE-4F6B-90DE-BAB5CC0C5C93}.Ad-Hoc|ARM.Build.0 = Debug|Any CPU
		{E43F3002-FFAE-4F6B-90DE-BAB5CC0C5C93}.Ad-Hoc|ARM64.ActiveCfg = Debug|Any CPU
		{E43F3002-FFAE-4F6B-90DE-BAB5CC0C5C93}.Ad-Hoc|ARM64.Build.0 = Debug|Any CPU
		{E43F3002-FFAE-4F6B-90DE-BAB5CC0C5C93}.Ad-Hoc|iPhone.ActiveCfg = Debug|Any CPU
		{E43F3002-FFAE-4F6B-90DE-BAB5CC0C5C93}.Ad-Hoc|iPhone.Build.0 = Debug|Any CPU
		{E43F3002-FFAE-4F6B-90DE-BAB5CC0C5C93}.Ad-Hoc|iPhoneSimulator.ActiveCfg = Debug|Any CPU
		{E43F3002-FFAE-4F6B-90DE-BAB5CC0C5C93}.Ad-Hoc|iPhoneSimulator.Build.0 = Debug|Any CPU
		{E43F3002-FFAE-4F6B-90DE-BAB5CC0C5C93}.Ad-Hoc|x64.ActiveCfg = Debug|Any CPU
		{E43F3002-FFAE-4F6B-90DE-BAB5CC0C5C93}.Ad-Hoc|x64.Build.0 = Debug|Any CPU
		{E43F3002-FFAE-4F6B-90DE-BAB5CC0C5C93}.Ad-Hoc|x86.ActiveCfg = Debug|Any CPU
		{E43F3002-FFAE-4F6B-90DE-BAB5CC0C5C93}.Ad-Hoc|x86.Build.0 = Debug|Any CPU
		{E43F3002-FFAE-4F6B-90DE-BAB5CC0C5C93}.AppStore|Any CPU.ActiveCfg = Debug|Any CPU
		{E43F3002-FFAE-4F6B-90DE-BAB5CC0C5C93}.AppStore|Any CPU.Build.0 = Debug|Any CPU
		{E43F3002-FFAE-4F6B-90DE-BAB5CC0C5C93}.AppStore|ARM.ActiveCfg = Debug|Any CPU
		{E43F3002-FFAE-4F6B-90DE-BAB5CC0C5C93}.AppStore|ARM.Build.0 = Debug|Any CPU
		{E43F3002-FFAE-4F6B-90DE-BAB5CC0C5C93}.AppStore|ARM64.ActiveCfg = Debug|Any CPU
		{E43F3002-FFAE-4F6B-90DE-BAB5CC0C5C93}.AppStore|ARM64.Build.0 = Debug|Any CPU
		{E43F3002-FFAE-4F6B-90DE-BAB5CC0C5C93}.AppStore|iPhone.ActiveCfg = Debug|Any CPU
		{E43F3002-FFAE-4F6B-90DE-BAB5CC0C5C93}.AppStore|iPhone.Build.0 = Debug|Any CPU
		{E43F3002-FFAE-4F6B-90DE-BAB5CC0C5C93}.AppStore|iPhoneSimulator.ActiveCfg = Debug|Any CPU
		{E43F3002-FFAE-4F6B-90DE-BAB5CC0C5C93}.AppStore|iPhoneSimulator.Build.0 = Debug|Any CPU
		{E43F3002-FFAE-4F6B-90DE-BAB5CC0C5C93}.AppStore|x64.ActiveCfg = Debug|Any CPU
		{E43F3002-FFAE-4F6B-90DE-BAB5CC0C5C93}.AppStore|x64.Build.0 = Debug|Any CPU
		{E43F3002-FFAE-4F6B-90DE-BAB5CC0C5C93}.AppStore|x86.ActiveCfg = Debug|Any CPU
		{E43F3002-FFAE-4F6B-90DE-BAB5CC0C5C93}.AppStore|x86.Build.0 = Debug|Any CPU
		{E43F3002-FFAE-4F6B-90DE-BAB5CC0C5C93}.Debug|Any CPU.ActiveCfg = Debug|Any CPU
		{E43F3002-FFAE-4F6B-90DE-BAB5CC0C5C93}.Debug|Any CPU.Build.0 = Debug|Any CPU
		{E43F3002-FFAE-4F6B-90DE-BAB5CC0C5C93}.Debug|ARM.ActiveCfg = Debug|Any CPU
		{E43F3002-FFAE-4F6B-90DE-BAB5CC0C5C93}.Debug|ARM.Build.0 = Debug|Any CPU
		{E43F3002-FFAE-4F6B-90DE-BAB5CC0C5C93}.Debug|ARM64.ActiveCfg = Debug|Any CPU
		{E43F3002-FFAE-4F6B-90DE-BAB5CC0C5C93}.Debug|ARM64.Build.0 = Debug|Any CPU
		{E43F3002-FFAE-4F6B-90DE-BAB5CC0C5C93}.Debug|iPhone.ActiveCfg = Debug|Any CPU
		{E43F3002-FFAE-4F6B-90DE-BAB5CC0C5C93}.Debug|iPhone.Build.0 = Debug|Any CPU
		{E43F3002-FFAE-4F6B-90DE-BAB5CC0C5C93}.Debug|iPhoneSimulator.ActiveCfg = Debug|Any CPU
		{E43F3002-FFAE-4F6B-90DE-BAB5CC0C5C93}.Debug|iPhoneSimulator.Build.0 = Debug|Any CPU
		{E43F3002-FFAE-4F6B-90DE-BAB5CC0C5C93}.Debug|x64.ActiveCfg = Debug|Any CPU
		{E43F3002-FFAE-4F6B-90DE-BAB5CC0C5C93}.Debug|x64.Build.0 = Debug|Any CPU
		{E43F3002-FFAE-4F6B-90DE-BAB5CC0C5C93}.Debug|x86.ActiveCfg = Debug|Any CPU
		{E43F3002-FFAE-4F6B-90DE-BAB5CC0C5C93}.Debug|x86.Build.0 = Debug|Any CPU
		{E43F3002-FFAE-4F6B-90DE-BAB5CC0C5C93}.Release|Any CPU.ActiveCfg = Release|Any CPU
		{E43F3002-FFAE-4F6B-90DE-BAB5CC0C5C93}.Release|Any CPU.Build.0 = Release|Any CPU
		{E43F3002-FFAE-4F6B-90DE-BAB5CC0C5C93}.Release|ARM.ActiveCfg = Release|Any CPU
		{E43F3002-FFAE-4F6B-90DE-BAB5CC0C5C93}.Release|ARM.Build.0 = Release|Any CPU
		{E43F3002-FFAE-4F6B-90DE-BAB5CC0C5C93}.Release|ARM64.ActiveCfg = Release|Any CPU
		{E43F3002-FFAE-4F6B-90DE-BAB5CC0C5C93}.Release|ARM64.Build.0 = Release|Any CPU
		{E43F3002-FFAE-4F6B-90DE-BAB5CC0C5C93}.Release|iPhone.ActiveCfg = Release|Any CPU
		{E43F3002-FFAE-4F6B-90DE-BAB5CC0C5C93}.Release|iPhone.Build.0 = Release|Any CPU
		{E43F3002-FFAE-4F6B-90DE-BAB5CC0C5C93}.Release|iPhoneSimulator.ActiveCfg = Release|Any CPU
		{E43F3002-FFAE-4F6B-90DE-BAB5CC0C5C93}.Release|iPhoneSimulator.Build.0 = Release|Any CPU
		{E43F3002-FFAE-4F6B-90DE-BAB5CC0C5C93}.Release|x64.ActiveCfg = Release|Any CPU
		{E43F3002-FFAE-4F6B-90DE-BAB5CC0C5C93}.Release|x64.Build.0 = Release|Any CPU
		{E43F3002-FFAE-4F6B-90DE-BAB5CC0C5C93}.Release|x86.ActiveCfg = Release|Any CPU
		{E43F3002-FFAE-4F6B-90DE-BAB5CC0C5C93}.Release|x86.Build.0 = Release|Any CPU
		{C11B9D46-1DD9-4B92-A91B-4FB630B65840}.Ad-Hoc|Any CPU.ActiveCfg = Debug|Any CPU
		{C11B9D46-1DD9-4B92-A91B-4FB630B65840}.Ad-Hoc|Any CPU.Build.0 = Debug|Any CPU
		{C11B9D46-1DD9-4B92-A91B-4FB630B65840}.Ad-Hoc|ARM.ActiveCfg = Debug|Any CPU
		{C11B9D46-1DD9-4B92-A91B-4FB630B65840}.Ad-Hoc|ARM.Build.0 = Debug|Any CPU
		{C11B9D46-1DD9-4B92-A91B-4FB630B65840}.Ad-Hoc|ARM64.ActiveCfg = Debug|Any CPU
		{C11B9D46-1DD9-4B92-A91B-4FB630B65840}.Ad-Hoc|ARM64.Build.0 = Debug|Any CPU
		{C11B9D46-1DD9-4B92-A91B-4FB630B65840}.Ad-Hoc|iPhone.ActiveCfg = Debug|Any CPU
		{C11B9D46-1DD9-4B92-A91B-4FB630B65840}.Ad-Hoc|iPhone.Build.0 = Debug|Any CPU
		{C11B9D46-1DD9-4B92-A91B-4FB630B65840}.Ad-Hoc|iPhoneSimulator.ActiveCfg = Debug|Any CPU
		{C11B9D46-1DD9-4B92-A91B-4FB630B65840}.Ad-Hoc|iPhoneSimulator.Build.0 = Debug|Any CPU
		{C11B9D46-1DD9-4B92-A91B-4FB630B65840}.Ad-Hoc|x64.ActiveCfg = Debug|Any CPU
		{C11B9D46-1DD9-4B92-A91B-4FB630B65840}.Ad-Hoc|x64.Build.0 = Debug|Any CPU
		{C11B9D46-1DD9-4B92-A91B-4FB630B65840}.Ad-Hoc|x86.ActiveCfg = Debug|Any CPU
		{C11B9D46-1DD9-4B92-A91B-4FB630B65840}.Ad-Hoc|x86.Build.0 = Debug|Any CPU
		{C11B9D46-1DD9-4B92-A91B-4FB630B65840}.AppStore|Any CPU.ActiveCfg = Debug|Any CPU
		{C11B9D46-1DD9-4B92-A91B-4FB630B65840}.AppStore|Any CPU.Build.0 = Debug|Any CPU
		{C11B9D46-1DD9-4B92-A91B-4FB630B65840}.AppStore|ARM.ActiveCfg = Debug|Any CPU
		{C11B9D46-1DD9-4B92-A91B-4FB630B65840}.AppStore|ARM.Build.0 = Debug|Any CPU
		{C11B9D46-1DD9-4B92-A91B-4FB630B65840}.AppStore|ARM64.ActiveCfg = Debug|Any CPU
		{C11B9D46-1DD9-4B92-A91B-4FB630B65840}.AppStore|ARM64.Build.0 = Debug|Any CPU
		{C11B9D46-1DD9-4B92-A91B-4FB630B65840}.AppStore|iPhone.ActiveCfg = Debug|Any CPU
		{C11B9D46-1DD9-4B92-A91B-4FB630B65840}.AppStore|iPhone.Build.0 = Debug|Any CPU
		{C11B9D46-1DD9-4B92-A91B-4FB630B65840}.AppStore|iPhoneSimulator.ActiveCfg = Debug|Any CPU
		{C11B9D46-1DD9-4B92-A91B-4FB630B65840}.AppStore|iPhoneSimulator.Build.0 = Debug|Any CPU
		{C11B9D46-1DD9-4B92-A91B-4FB630B65840}.AppStore|x64.ActiveCfg = Debug|Any CPU
		{C11B9D46-1DD9-4B92-A91B-4FB630B65840}.AppStore|x64.Build.0 = Debug|Any CPU
		{C11B9D46-1DD9-4B92-A91B-4FB630B65840}.AppStore|x86.ActiveCfg = Debug|Any CPU
		{C11B9D46-1DD9-4B92-A91B-4FB630B65840}.AppStore|x86.Build.0 = Debug|Any CPU
		{C11B9D46-1DD9-4B92-A91B-4FB630B65840}.Debug|Any CPU.ActiveCfg = Debug|Any CPU
		{C11B9D46-1DD9-4B92-A91B-4FB630B65840}.Debug|Any CPU.Build.0 = Debug|Any CPU
		{C11B9D46-1DD9-4B92-A91B-4FB630B65840}.Debug|ARM.ActiveCfg = Debug|Any CPU
		{C11B9D46-1DD9-4B92-A91B-4FB630B65840}.Debug|ARM.Build.0 = Debug|Any CPU
		{C11B9D46-1DD9-4B92-A91B-4FB630B65840}.Debug|ARM64.ActiveCfg = Debug|Any CPU
		{C11B9D46-1DD9-4B92-A91B-4FB630B65840}.Debug|ARM64.Build.0 = Debug|Any CPU
		{C11B9D46-1DD9-4B92-A91B-4FB630B65840}.Debug|iPhone.ActiveCfg = Debug|Any CPU
		{C11B9D46-1DD9-4B92-A91B-4FB630B65840}.Debug|iPhone.Build.0 = Debug|Any CPU
		{C11B9D46-1DD9-4B92-A91B-4FB630B65840}.Debug|iPhoneSimulator.ActiveCfg = Debug|Any CPU
		{C11B9D46-1DD9-4B92-A91B-4FB630B65840}.Debug|iPhoneSimulator.Build.0 = Debug|Any CPU
		{C11B9D46-1DD9-4B92-A91B-4FB630B65840}.Debug|x64.ActiveCfg = Debug|Any CPU
		{C11B9D46-1DD9-4B92-A91B-4FB630B65840}.Debug|x64.Build.0 = Debug|Any CPU
		{C11B9D46-1DD9-4B92-A91B-4FB630B65840}.Debug|x86.ActiveCfg = Debug|Any CPU
		{C11B9D46-1DD9-4B92-A91B-4FB630B65840}.Debug|x86.Build.0 = Debug|Any CPU
		{C11B9D46-1DD9-4B92-A91B-4FB630B65840}.Release|Any CPU.ActiveCfg = Release|Any CPU
		{C11B9D46-1DD9-4B92-A91B-4FB630B65840}.Release|Any CPU.Build.0 = Release|Any CPU
		{C11B9D46-1DD9-4B92-A91B-4FB630B65840}.Release|ARM.ActiveCfg = Release|Any CPU
		{C11B9D46-1DD9-4B92-A91B-4FB630B65840}.Release|ARM.Build.0 = Release|Any CPU
		{C11B9D46-1DD9-4B92-A91B-4FB630B65840}.Release|ARM64.ActiveCfg = Release|Any CPU
		{C11B9D46-1DD9-4B92-A91B-4FB630B65840}.Release|ARM64.Build.0 = Release|Any CPU
		{C11B9D46-1DD9-4B92-A91B-4FB630B65840}.Release|iPhone.ActiveCfg = Release|Any CPU
		{C11B9D46-1DD9-4B92-A91B-4FB630B65840}.Release|iPhone.Build.0 = Release|Any CPU
		{C11B9D46-1DD9-4B92-A91B-4FB630B65840}.Release|iPhoneSimulator.ActiveCfg = Release|Any CPU
		{C11B9D46-1DD9-4B92-A91B-4FB630B65840}.Release|iPhoneSimulator.Build.0 = Release|Any CPU
		{C11B9D46-1DD9-4B92-A91B-4FB630B65840}.Release|x64.ActiveCfg = Release|Any CPU
		{C11B9D46-1DD9-4B92-A91B-4FB630B65840}.Release|x64.Build.0 = Release|Any CPU
		{C11B9D46-1DD9-4B92-A91B-4FB630B65840}.Release|x86.ActiveCfg = Release|Any CPU
		{C11B9D46-1DD9-4B92-A91B-4FB630B65840}.Release|x86.Build.0 = Release|Any CPU
		{3F185B7D-2994-44C8-9D63-1BA034667236}.Ad-Hoc|Any CPU.ActiveCfg = Debug|Any CPU
		{3F185B7D-2994-44C8-9D63-1BA034667236}.Ad-Hoc|Any CPU.Build.0 = Debug|Any CPU
		{3F185B7D-2994-44C8-9D63-1BA034667236}.Ad-Hoc|ARM.ActiveCfg = Debug|Any CPU
		{3F185B7D-2994-44C8-9D63-1BA034667236}.Ad-Hoc|ARM.Build.0 = Debug|Any CPU
		{3F185B7D-2994-44C8-9D63-1BA034667236}.Ad-Hoc|ARM64.ActiveCfg = Debug|Any CPU
		{3F185B7D-2994-44C8-9D63-1BA034667236}.Ad-Hoc|ARM64.Build.0 = Debug|Any CPU
		{3F185B7D-2994-44C8-9D63-1BA034667236}.Ad-Hoc|iPhone.ActiveCfg = Debug|Any CPU
		{3F185B7D-2994-44C8-9D63-1BA034667236}.Ad-Hoc|iPhone.Build.0 = Debug|Any CPU
		{3F185B7D-2994-44C8-9D63-1BA034667236}.Ad-Hoc|iPhoneSimulator.ActiveCfg = Debug|Any CPU
		{3F185B7D-2994-44C8-9D63-1BA034667236}.Ad-Hoc|iPhoneSimulator.Build.0 = Debug|Any CPU
		{3F185B7D-2994-44C8-9D63-1BA034667236}.Ad-Hoc|x64.ActiveCfg = Debug|Any CPU
		{3F185B7D-2994-44C8-9D63-1BA034667236}.Ad-Hoc|x64.Build.0 = Debug|Any CPU
		{3F185B7D-2994-44C8-9D63-1BA034667236}.Ad-Hoc|x86.ActiveCfg = Debug|Any CPU
		{3F185B7D-2994-44C8-9D63-1BA034667236}.Ad-Hoc|x86.Build.0 = Debug|Any CPU
		{3F185B7D-2994-44C8-9D63-1BA034667236}.AppStore|Any CPU.ActiveCfg = Debug|Any CPU
		{3F185B7D-2994-44C8-9D63-1BA034667236}.AppStore|Any CPU.Build.0 = Debug|Any CPU
		{3F185B7D-2994-44C8-9D63-1BA034667236}.AppStore|ARM.ActiveCfg = Debug|Any CPU
		{3F185B7D-2994-44C8-9D63-1BA034667236}.AppStore|ARM.Build.0 = Debug|Any CPU
		{3F185B7D-2994-44C8-9D63-1BA034667236}.AppStore|ARM64.ActiveCfg = Debug|Any CPU
		{3F185B7D-2994-44C8-9D63-1BA034667236}.AppStore|ARM64.Build.0 = Debug|Any CPU
		{3F185B7D-2994-44C8-9D63-1BA034667236}.AppStore|iPhone.ActiveCfg = Debug|Any CPU
		{3F185B7D-2994-44C8-9D63-1BA034667236}.AppStore|iPhone.Build.0 = Debug|Any CPU
		{3F185B7D-2994-44C8-9D63-1BA034667236}.AppStore|iPhoneSimulator.ActiveCfg = Debug|Any CPU
		{3F185B7D-2994-44C8-9D63-1BA034667236}.AppStore|iPhoneSimulator.Build.0 = Debug|Any CPU
		{3F185B7D-2994-44C8-9D63-1BA034667236}.AppStore|x64.ActiveCfg = Debug|Any CPU
		{3F185B7D-2994-44C8-9D63-1BA034667236}.AppStore|x64.Build.0 = Debug|Any CPU
		{3F185B7D-2994-44C8-9D63-1BA034667236}.AppStore|x86.ActiveCfg = Debug|Any CPU
		{3F185B7D-2994-44C8-9D63-1BA034667236}.AppStore|x86.Build.0 = Debug|Any CPU
		{3F185B7D-2994-44C8-9D63-1BA034667236}.Debug|Any CPU.ActiveCfg = Debug|Any CPU
		{3F185B7D-2994-44C8-9D63-1BA034667236}.Debug|Any CPU.Build.0 = Debug|Any CPU
		{3F185B7D-2994-44C8-9D63-1BA034667236}.Debug|ARM.ActiveCfg = Debug|Any CPU
		{3F185B7D-2994-44C8-9D63-1BA034667236}.Debug|ARM.Build.0 = Debug|Any CPU
		{3F185B7D-2994-44C8-9D63-1BA034667236}.Debug|ARM64.ActiveCfg = Debug|Any CPU
		{3F185B7D-2994-44C8-9D63-1BA034667236}.Debug|ARM64.Build.0 = Debug|Any CPU
		{3F185B7D-2994-44C8-9D63-1BA034667236}.Debug|iPhone.ActiveCfg = Debug|Any CPU
		{3F185B7D-2994-44C8-9D63-1BA034667236}.Debug|iPhone.Build.0 = Debug|Any CPU
		{3F185B7D-2994-44C8-9D63-1BA034667236}.Debug|iPhoneSimulator.ActiveCfg = Debug|Any CPU
		{3F185B7D-2994-44C8-9D63-1BA034667236}.Debug|iPhoneSimulator.Build.0 = Debug|Any CPU
		{3F185B7D-2994-44C8-9D63-1BA034667236}.Debug|x64.ActiveCfg = Debug|Any CPU
		{3F185B7D-2994-44C8-9D63-1BA034667236}.Debug|x64.Build.0 = Debug|Any CPU
		{3F185B7D-2994-44C8-9D63-1BA034667236}.Debug|x86.ActiveCfg = Debug|Any CPU
		{3F185B7D-2994-44C8-9D63-1BA034667236}.Debug|x86.Build.0 = Debug|Any CPU
		{3F185B7D-2994-44C8-9D63-1BA034667236}.Release|Any CPU.ActiveCfg = Release|Any CPU
		{3F185B7D-2994-44C8-9D63-1BA034667236}.Release|Any CPU.Build.0 = Release|Any CPU
		{3F185B7D-2994-44C8-9D63-1BA034667236}.Release|ARM.ActiveCfg = Release|Any CPU
		{3F185B7D-2994-44C8-9D63-1BA034667236}.Release|ARM.Build.0 = Release|Any CPU
		{3F185B7D-2994-44C8-9D63-1BA034667236}.Release|ARM64.ActiveCfg = Release|Any CPU
		{3F185B7D-2994-44C8-9D63-1BA034667236}.Release|ARM64.Build.0 = Release|Any CPU
		{3F185B7D-2994-44C8-9D63-1BA034667236}.Release|iPhone.ActiveCfg = Release|Any CPU
		{3F185B7D-2994-44C8-9D63-1BA034667236}.Release|iPhone.Build.0 = Release|Any CPU
		{3F185B7D-2994-44C8-9D63-1BA034667236}.Release|iPhoneSimulator.ActiveCfg = Release|Any CPU
		{3F185B7D-2994-44C8-9D63-1BA034667236}.Release|iPhoneSimulator.Build.0 = Release|Any CPU
		{3F185B7D-2994-44C8-9D63-1BA034667236}.Release|x64.ActiveCfg = Release|Any CPU
		{3F185B7D-2994-44C8-9D63-1BA034667236}.Release|x64.Build.0 = Release|Any CPU
		{3F185B7D-2994-44C8-9D63-1BA034667236}.Release|x86.ActiveCfg = Release|Any CPU
		{3F185B7D-2994-44C8-9D63-1BA034667236}.Release|x86.Build.0 = Release|Any CPU
		{6070341C-7F0F-4ABD-B3CD-1CE0D6D4AD95}.Ad-Hoc|Any CPU.ActiveCfg = Debug|Any CPU
		{6070341C-7F0F-4ABD-B3CD-1CE0D6D4AD95}.Ad-Hoc|Any CPU.Build.0 = Debug|Any CPU
		{6070341C-7F0F-4ABD-B3CD-1CE0D6D4AD95}.Ad-Hoc|ARM.ActiveCfg = Debug|Any CPU
		{6070341C-7F0F-4ABD-B3CD-1CE0D6D4AD95}.Ad-Hoc|ARM.Build.0 = Debug|Any CPU
		{6070341C-7F0F-4ABD-B3CD-1CE0D6D4AD95}.Ad-Hoc|ARM64.ActiveCfg = Debug|Any CPU
		{6070341C-7F0F-4ABD-B3CD-1CE0D6D4AD95}.Ad-Hoc|ARM64.Build.0 = Debug|Any CPU
		{6070341C-7F0F-4ABD-B3CD-1CE0D6D4AD95}.Ad-Hoc|iPhone.ActiveCfg = Debug|Any CPU
		{6070341C-7F0F-4ABD-B3CD-1CE0D6D4AD95}.Ad-Hoc|iPhone.Build.0 = Debug|Any CPU
		{6070341C-7F0F-4ABD-B3CD-1CE0D6D4AD95}.Ad-Hoc|iPhoneSimulator.ActiveCfg = Debug|Any CPU
		{6070341C-7F0F-4ABD-B3CD-1CE0D6D4AD95}.Ad-Hoc|iPhoneSimulator.Build.0 = Debug|Any CPU
		{6070341C-7F0F-4ABD-B3CD-1CE0D6D4AD95}.Ad-Hoc|x64.ActiveCfg = Debug|Any CPU
		{6070341C-7F0F-4ABD-B3CD-1CE0D6D4AD95}.Ad-Hoc|x64.Build.0 = Debug|Any CPU
		{6070341C-7F0F-4ABD-B3CD-1CE0D6D4AD95}.Ad-Hoc|x86.ActiveCfg = Debug|Any CPU
		{6070341C-7F0F-4ABD-B3CD-1CE0D6D4AD95}.Ad-Hoc|x86.Build.0 = Debug|Any CPU
		{6070341C-7F0F-4ABD-B3CD-1CE0D6D4AD95}.AppStore|Any CPU.ActiveCfg = Debug|Any CPU
		{6070341C-7F0F-4ABD-B3CD-1CE0D6D4AD95}.AppStore|Any CPU.Build.0 = Debug|Any CPU
		{6070341C-7F0F-4ABD-B3CD-1CE0D6D4AD95}.AppStore|ARM.ActiveCfg = Debug|Any CPU
		{6070341C-7F0F-4ABD-B3CD-1CE0D6D4AD95}.AppStore|ARM.Build.0 = Debug|Any CPU
		{6070341C-7F0F-4ABD-B3CD-1CE0D6D4AD95}.AppStore|ARM64.ActiveCfg = Debug|Any CPU
		{6070341C-7F0F-4ABD-B3CD-1CE0D6D4AD95}.AppStore|ARM64.Build.0 = Debug|Any CPU
		{6070341C-7F0F-4ABD-B3CD-1CE0D6D4AD95}.AppStore|iPhone.ActiveCfg = Debug|Any CPU
		{6070341C-7F0F-4ABD-B3CD-1CE0D6D4AD95}.AppStore|iPhone.Build.0 = Debug|Any CPU
		{6070341C-7F0F-4ABD-B3CD-1CE0D6D4AD95}.AppStore|iPhoneSimulator.ActiveCfg = Debug|Any CPU
		{6070341C-7F0F-4ABD-B3CD-1CE0D6D4AD95}.AppStore|iPhoneSimulator.Build.0 = Debug|Any CPU
		{6070341C-7F0F-4ABD-B3CD-1CE0D6D4AD95}.AppStore|x64.ActiveCfg = Debug|Any CPU
		{6070341C-7F0F-4ABD-B3CD-1CE0D6D4AD95}.AppStore|x64.Build.0 = Debug|Any CPU
		{6070341C-7F0F-4ABD-B3CD-1CE0D6D4AD95}.AppStore|x86.ActiveCfg = Debug|Any CPU
		{6070341C-7F0F-4ABD-B3CD-1CE0D6D4AD95}.AppStore|x86.Build.0 = Debug|Any CPU
		{6070341C-7F0F-4ABD-B3CD-1CE0D6D4AD95}.Debug|Any CPU.ActiveCfg = Debug|Any CPU
		{6070341C-7F0F-4ABD-B3CD-1CE0D6D4AD95}.Debug|Any CPU.Build.0 = Debug|Any CPU
		{6070341C-7F0F-4ABD-B3CD-1CE0D6D4AD95}.Debug|ARM.ActiveCfg = Debug|Any CPU
		{6070341C-7F0F-4ABD-B3CD-1CE0D6D4AD95}.Debug|ARM.Build.0 = Debug|Any CPU
		{6070341C-7F0F-4ABD-B3CD-1CE0D6D4AD95}.Debug|ARM64.ActiveCfg = Debug|Any CPU
		{6070341C-7F0F-4ABD-B3CD-1CE0D6D4AD95}.Debug|ARM64.Build.0 = Debug|Any CPU
		{6070341C-7F0F-4ABD-B3CD-1CE0D6D4AD95}.Debug|iPhone.ActiveCfg = Debug|Any CPU
		{6070341C-7F0F-4ABD-B3CD-1CE0D6D4AD95}.Debug|iPhone.Build.0 = Debug|Any CPU
		{6070341C-7F0F-4ABD-B3CD-1CE0D6D4AD95}.Debug|iPhoneSimulator.ActiveCfg = Debug|Any CPU
		{6070341C-7F0F-4ABD-B3CD-1CE0D6D4AD95}.Debug|iPhoneSimulator.Build.0 = Debug|Any CPU
		{6070341C-7F0F-4ABD-B3CD-1CE0D6D4AD95}.Debug|x64.ActiveCfg = Debug|Any CPU
		{6070341C-7F0F-4ABD-B3CD-1CE0D6D4AD95}.Debug|x64.Build.0 = Debug|Any CPU
		{6070341C-7F0F-4ABD-B3CD-1CE0D6D4AD95}.Debug|x86.ActiveCfg = Debug|Any CPU
		{6070341C-7F0F-4ABD-B3CD-1CE0D6D4AD95}.Debug|x86.Build.0 = Debug|Any CPU
		{6070341C-7F0F-4ABD-B3CD-1CE0D6D4AD95}.Release|Any CPU.ActiveCfg = Release|Any CPU
		{6070341C-7F0F-4ABD-B3CD-1CE0D6D4AD95}.Release|Any CPU.Build.0 = Release|Any CPU
		{6070341C-7F0F-4ABD-B3CD-1CE0D6D4AD95}.Release|ARM.ActiveCfg = Release|Any CPU
		{6070341C-7F0F-4ABD-B3CD-1CE0D6D4AD95}.Release|ARM.Build.0 = Release|Any CPU
		{6070341C-7F0F-4ABD-B3CD-1CE0D6D4AD95}.Release|ARM64.ActiveCfg = Release|Any CPU
		{6070341C-7F0F-4ABD-B3CD-1CE0D6D4AD95}.Release|ARM64.Build.0 = Release|Any CPU
		{6070341C-7F0F-4ABD-B3CD-1CE0D6D4AD95}.Release|iPhone.ActiveCfg = Release|Any CPU
		{6070341C-7F0F-4ABD-B3CD-1CE0D6D4AD95}.Release|iPhone.Build.0 = Release|Any CPU
		{6070341C-7F0F-4ABD-B3CD-1CE0D6D4AD95}.Release|iPhoneSimulator.ActiveCfg = Release|Any CPU
		{6070341C-7F0F-4ABD-B3CD-1CE0D6D4AD95}.Release|iPhoneSimulator.Build.0 = Release|Any CPU
		{6070341C-7F0F-4ABD-B3CD-1CE0D6D4AD95}.Release|x64.ActiveCfg = Release|Any CPU
		{6070341C-7F0F-4ABD-B3CD-1CE0D6D4AD95}.Release|x64.Build.0 = Release|Any CPU
		{6070341C-7F0F-4ABD-B3CD-1CE0D6D4AD95}.Release|x86.ActiveCfg = Release|Any CPU
		{6070341C-7F0F-4ABD-B3CD-1CE0D6D4AD95}.Release|x86.Build.0 = Release|Any CPU
	EndGlobalSection
	GlobalSection(SolutionProperties) = preSolution
		HideSolutionNode = FALSE
	EndGlobalSection
	GlobalSection(ExtensibilityGlobals) = postSolution
		SolutionGuid = {C1A3179D-82EC-464C-85F3-9FEC5F041499}
	EndGlobalSection
EndGlobal
